{
  "name": "pimpops-user",
  "version": "1.0.0",
  "lockfileVersion": 1,
  "requires": true,
  "dependencies": {
    "pimpops-logger": {
      "version": "1.0.1",
      "resolved": "https://registry.npmjs.org/pimpops-logger/-/pimpops-logger-1.0.1.tgz",
      "integrity": "sha512-sGqoGuk5M9NKnc+VJ51a3uve6lFH7QtfTuncXO9jUHElxM80XcDYx3w0HfAzgV6C4MUDwd4PUXznbS9Ws23hsQ=="
    }
  }
}
