# THIS IS AN AUTOGENERATED FILE. DO NOT EDIT THIS FILE DIRECTLY.
# yarn lockfile v1


pimpops-logger@^1.0.1:
  version "1.0.1"
  resolved "https://registry.yarnpkg.com/pimpops-logger/-/pimpops-logger-1.0.1.tgz#9501b0ede2b378c5b612d47cfa6053e5ac75187d"
  integrity sha512-sGqoGuk5M9NKnc+VJ51a3uve6lFH7QtfTuncXO9jUHElxM80XcDYx3w0HfAzgV6C4MUDwd4PUXznbS9Ws23hsQ==
